{
  "name": "example03",
  "version": "1.0.0",
  "lockfileVersion": 3,
  "requires": true,
  "packages": {
    "": {
      "name": "example03",
      "version": "1.0.0",
      "license": "ISC",
      "dependencies": {
        "valerii_panov_test_package": "^1.0.0"
      }
    },
    "node_modules/valerii_panov_test_package": {
      "version": "1.0.0",
      "resolved": "https://registry.npmjs.org/valerii_panov_test_package/-/valerii_panov_test_package-1.0.0.tgz",
      "integrity": "sha512-E7pYNszBUBEheCo3u4b/hsx7PumhbwjE2UdDkl1vxueRg+B1u5SkeiTjMpvOwWX+Hbk1USlKL+5pxQX90Ji9HA=="
    }
  }
}
